// !$*UTF8*$!
{
	archiveVersion = 1;
	classes = {
	};
	objectVersion = 48;
	objects = {

/* Begin PBXBuildFile section */
		6C53EBA520000A10001CBD66 /* AppDelegate.swift in Sources */ = {isa = PBXBuildFile; fileRef = 6C53EBA420000A10001CBD66 /* AppDelegate.swift */; };
		6C53EBA720000A10001CBD66 /* MapViewController.swift in Sources */ = {isa = PBXBuildFile; fileRef = 6C53EBA620000A10001CBD66 /* MapViewController.swift */; };
		6C53EBAC20000A10001CBD66 /* Assets.xcassets in Resources */ = {isa = PBXBuildFile; fileRef = 6C53EBAB20000A10001CBD66 /* Assets.xcassets */; };
		6C53EBAF20000A10001CBD66 /* LaunchScreen.storyboard in Resources */ = {isa = PBXBuildFile; fileRef = 6C53EBAD20000A10001CBD66 /* LaunchScreen.storyboard */; };
		6C950BA52000163D0087A8C4 /* KMLListViewController.swift in Sources */ = {isa = PBXBuildFile; fileRef = 6C950BA42000163D0087A8C4 /* KMLListViewController.swift */; };
		6CBC85CA200271AE00FBE281 /* With_holes.kml in Resources */ = {isa = PBXBuildFile; fileRef = 6CBC85C9200271AE00FBE281 /* With_holes.kml */; };
		6CBC85CE2003459700FBE281 /* Algorithms.swift in Sources */ = {isa = PBXBuildFile; fileRef = 6CBC85CD2003459700FBE281 /* Algorithms.swift */; };
		6CC293242001BEA80081AD8B /* README.md in Resources */ = {isa = PBXBuildFile; fileRef = 6CC293232001BEA80081AD8B /* README.md */; };
		6CF2F9422000225500FAF27E /* MapViewWorker.swift in Sources */ = {isa = PBXBuildFile; fileRef = 6CF2F9412000225500FAF27E /* MapViewWorker.swift */; };
		6CF2F9492000266700FAF27E /* Allowed_area.kml in Resources */ = {isa = PBXBuildFile; fileRef = 6CF2F9462000266700FAF27E /* Allowed_area.kml */; };
		6CF2F94D200026AC00FAF27E /* Multiple_areas.kml in Resources */ = {isa = PBXBuildFile; fileRef = 6CF2F94B200026AC00FAF27E /* Multiple_areas.kml */; };
		6CF2F94E200026AC00FAF27E /* Bad_example.kml in Resources */ = {isa = PBXBuildFile; fileRef = 6CF2F94C200026AC00FAF27E /* Bad_example.kml */; };
		6CF2F950200026F000FAF27E /* KMLParser.swift in Sources */ = {isa = PBXBuildFile; fileRef = 6CF2F94F200026F000FAF27E /* KMLParser.swift */; };
		6CF2F9532001205100FAF27E /* Utilites.swift in Sources */ = {isa = PBXBuildFile; fileRef = 6CF2F9522001205100FAF27E /* Utilites.swift */; };
		6CF2F955200128D700FAF27E /* MapPolygon.swift in Sources */ = {isa = PBXBuildFile; fileRef = 6CF2F954200128D700FAF27E /* MapPolygon.swift */; };
/* End PBXBuildFile section */

/* Begin PBXFileReference section */
		6C53EBA120000A10001CBD66 /* MapOverlaysExample.app */ = {isa = PBXFileReference; explicitFileType = wrapper.application; includeInIndex = 0; path = MapOverlaysExample.app; sourceTree = BUILT_PRODUCTS_DIR; };
		6C53EBA420000A10001CBD66 /* AppDelegate.swift */ = {isa = PBXFileReference; lastKnownFileType = sourcecode.swift; path = AppDelegate.swift; sourceTree = "<group>"; };
		6C53EBA620000A10001CBD66 /* MapViewController.swift */ = {isa = PBXFileReference; lastKnownFileType = sourcecode.swift; path = MapViewController.swift; sourceTree = "<group>"; };
		6C53EBAB20000A10001CBD66 /* Assets.xcassets */ = {isa = PBXFileReference; lastKnownFileType = folder.assetcatalog; path = Assets.xcassets; sourceTree = "<group>"; };
		6C53EBAE20000A10001CBD66 /* Base */ = {isa = PBXFileReference; lastKnownFileType = file.storyboard; name = Base; path = Base.lproj/LaunchScreen.storyboard; sourceTree = "<group>"; };
		6C53EBB020000A10001CBD66 /* Info.plist */ = {isa = PBXFileReference; lastKnownFileType = text.plist.xml; path = Info.plist; sourceTree = "<group>"; };
		6C950BA42000163D0087A8C4 /* KMLListViewController.swift */ = {isa = PBXFileReference; lastKnownFileType = sourcecode.swift; path = KMLListViewController.swift; sourceTree = "<group>"; };
		6CBC85C9200271AE00FBE281 /* With_holes.kml */ = {isa = PBXFileReference; lastKnownFileType = text; path = With_holes.kml; sourceTree = "<group>"; };
		6CBC85CD2003459700FBE281 /* Algorithms.swift */ = {isa = PBXFileReference; lastKnownFileType = sourcecode.swift; path = Algorithms.swift; sourceTree = "<group>"; };
		6CC293232001BEA80081AD8B /* README.md */ = {isa = PBXFileReference; fileEncoding = 4; lastKnownFileType = net.daringfireball.markdown; path = README.md; sourceTree = SOURCE_ROOT; };
		6CF2F9412000225500FAF27E /* MapViewWorker.swift */ = {isa = PBXFileReference; lastKnownFileType = sourcecode.swift; path = MapViewWorker.swift; sourceTree = "<group>"; };
		6CF2F9462000266700FAF27E /* Allowed_area.kml */ = {isa = PBXFileReference; fileEncoding = 4; lastKnownFileType = text.xml; path = Allowed_area.kml; sourceTree = "<group>"; };
		6CF2F94B200026AC00FAF27E /* Multiple_areas.kml */ = {isa = PBXFileReference; fileEncoding = 4; lastKnownFileType = text.xml; path = Multiple_areas.kml; sourceTree = "<group>"; };
		6CF2F94C200026AC00FAF27E /* Bad_example.kml */ = {isa = PBXFileReference; fileEncoding = 4; lastKnownFileType = text.xml; path = Bad_example.kml; sourceTree = "<group>"; };
		6CF2F94F200026F000FAF27E /* KMLParser.swift */ = {isa = PBXFileReference; fileEncoding = 4; lastKnownFileType = sourcecode.swift; path = KMLParser.swift; sourceTree = "<group>"; };
		6CF2F9522001205100FAF27E /* Utilites.swift */ = {isa = PBXFileReference; lastKnownFileType = sourcecode.swift; path = Utilites.swift; sourceTree = "<group>"; };
		6CF2F954200128D700FAF27E /* MapPolygon.swift */ = {isa = PBXFileReference; lastKnownFileType = sourcecode.swift; path = MapPolygon.swift; sourceTree = "<group>"; };
/* End PBXFileReference section */

/* Begin PBXFrameworksBuildPhase section */
		6C53EB9E20000A10001CBD66 /* Frameworks */ = {
			isa = PBXFrameworksBuildPhase;
			buildActionMask = 2147483647;
			files = (
			);
			runOnlyForDeploymentPostprocessing = 0;
		};
/* End PBXFrameworksBuildPhase section */

/* Begin PBXGroup section */
		6C53EB9820000A10001CBD66 = {
			isa = PBXGroup;
			children = (
				6C53EBA320000A10001CBD66 /* MapOverlaysExample */,
				6C53EBA220000A10001CBD66 /* Products */,
			);
			sourceTree = "<group>";
		};
		6C53EBA220000A10001CBD66 /* Products */ = {
			isa = PBXGroup;
			children = (
				6C53EBA120000A10001CBD66 /* MapOverlaysExample.app */,
			);
			name = Products;
			sourceTree = "<group>";
		};
		6C53EBA320000A10001CBD66 /* MapOverlaysExample */ = {
			isa = PBXGroup;
			children = (
				6CF2F951200028A600FAF27E /* Resources */,
				6C950BA3200013210087A8C4 /* Service */,
				6C950BA2200013190087A8C4 /* Model */,
				6C53EBB620000A96001CBD66 /* Controller */,
				6C53EBA420000A10001CBD66 /* AppDelegate.swift */,
				6CF2F9522001205100FAF27E /* Utilites.swift */,
				6CC293232001BEA80081AD8B /* README.md */,
				6CBC85CD2003459700FBE281 /* Algorithms.swift */,
			);
			path = MapOverlaysExample;
			sourceTree = "<group>";
		};
		6C53EBB620000A96001CBD66 /* Controller */ = {
			isa = PBXGroup;
			children = (
				6CF2F9402000223500FAF27E /* Map */,
				6C950BA42000163D0087A8C4 /* KMLListViewController.swift */,
			);
			path = Controller;
			sourceTree = "<group>";
		};
		6C950BA2200013190087A8C4 /* Model */ = {
			isa = PBXGroup;
			children = (
				6CF2F954200128D700FAF27E /* MapPolygon.swift */,
			);
			path = Model;
			sourceTree = "<group>";
		};
		6C950BA3200013210087A8C4 /* Service */ = {
			isa = PBXGroup;
			children = (
				6CF2F94F200026F000FAF27E /* KMLParser.swift */,
			);
			path = Service;
			sourceTree = "<group>";
		};
		6CF2F9402000223500FAF27E /* Map */ = {
			isa = PBXGroup;
			children = (
				6C53EBA620000A10001CBD66 /* MapViewController.swift */,
				6CF2F9412000225500FAF27E /* MapViewWorker.swift */,
			);
			path = Map;
			sourceTree = "<group>";
		};
		6CF2F9442000264000FAF27E /* kml */ = {
			isa = PBXGroup;
			children = (
				6CF2F94C200026AC00FAF27E /* Bad_example.kml */,
				6CF2F94B200026AC00FAF27E /* Multiple_areas.kml */,
				6CF2F9462000266700FAF27E /* Allowed_area.kml */,
				6CBC85C9200271AE00FBE281 /* With_holes.kml */,
			);
			path = kml;
			sourceTree = "<group>";
		};
		6CF2F951200028A600FAF27E /* Resources */ = {
			isa = PBXGroup;
			children = (
				6CF2F9442000264000FAF27E /* kml */,
				6C53EBAB20000A10001CBD66 /* Assets.xcassets */,
				6C53EBAD20000A10001CBD66 /* LaunchScreen.storyboard */,
				6C53EBB020000A10001CBD66 /* Info.plist */,
			);
			name = Resources;
			sourceTree = "<group>";
		};
/* End PBXGroup section */

/* Begin PBXNativeTarget section */
		6C53EBA020000A10001CBD66 /* MapOverlaysExample */ = {
			isa = PBXNativeTarget;
			buildConfigurationList = 6C53EBB320000A10001CBD66 /* Build configuration list for PBXNativeTarget "MapOverlaysExample" */;
			buildPhases = (
				6C53EB9D20000A10001CBD66 /* Sources */,
				6C53EB9E20000A10001CBD66 /* Frameworks */,
				6C53EB9F20000A10001CBD66 /* Resources */,
			);
			buildRules = (
			);
			dependencies = (
			);
			name = MapOverlaysExample;
			productName = MapOverlaysExample;
			productReference = 6C53EBA120000A10001CBD66 /* MapOverlaysExample.app */;
			productType = "com.apple.product-type.application";
		};
/* End PBXNativeTarget section */

/* Begin PBXProject section */
		6C53EB9920000A10001CBD66 /* Project object */ = {
			isa = PBXProject;
			attributes = {
				LastSwiftUpdateCheck = 0920;
				LastUpgradeCheck = 0920;
				ORGANIZATIONNAME = "Oleg B.";
				TargetAttributes = {
					6C53EBA020000A10001CBD66 = {
						CreatedOnToolsVersion = 9.2;
						ProvisioningStyle = Automatic;
					};
				};
			};
			buildConfigurationList = 6C53EB9C20000A10001CBD66 /* Build configuration list for PBXProject "MapOverlaysExample" */;
			compatibilityVersion = "Xcode 8.0";
			developmentRegion = en;
			hasScannedForEncodings = 0;
			knownRegions = (
				en,
				Base,
			);
			mainGroup = 6C53EB9820000A10001CBD66;
			productRefGroup = 6C53EBA220000A10001CBD66 /* Products */;
			projectDirPath = "";
			projectRoot = "";
			targets = (
				6C53EBA020000A10001CBD66 /* MapOverlaysExample */,
			);
		};
/* End PBXProject section */

/* Begin PBXResourcesBuildPhase section */
		6C53EB9F20000A10001CBD66 /* Resources */ = {
			isa = PBXResourcesBuildPhase;
			buildActionMask = 2147483647;
			files = (
				6CC293242001BEA80081AD8B /* README.md in Resources */,
				6C53EBAF20000A10001CBD66 /* LaunchScreen.storyboard in Resources */,
				6CF2F9492000266700FAF27E /* Allowed_area.kml in Resources */,
				6C53EBAC20000A10001CBD66 /* Assets.xcassets in Resources */,
				6CF2F94D200026AC00FAF27E /* Multiple_areas.kml in Resources */,
				6CF2F94E200026AC00FAF27E /* Bad_example.kml in Resources */,
				6CBC85CA200271AE00FBE281 /* With_holes.kml in Resources */,
			);
			runOnlyForDeploymentPostprocessing = 0;
		};
/* End PBXResourcesBuildPhase section */

/* Begin PBXSourcesBuildPhase section */
		6C53EB9D20000A10001CBD66 /* Sources */ = {
			isa = PBXSourcesBuildPhase;
			buildActionMask = 2147483647;
			files = (
				6C53EBA720000A10001CBD66 /* MapViewController.swift in Sources */,
				6CF2F9532001205100FAF27E /* Utilites.swift in Sources */,
				6CF2F955200128D700FAF27E /* MapPolygon.swift in Sources */,
				6CF2F9422000225500FAF27E /* MapViewWorker.swift in Sources */,
				6CF2F950200026F000FAF27E /* KMLParser.swift in Sources */,
				6CBC85CE2003459700FBE281 /* Algorithms.swift in Sources */,
				6C950BA52000163D0087A8C4 /* KMLListViewController.swift in Sources */,
				6C53EBA520000A10001CBD66 /* AppDelegate.swift in Sources */,
			);
			runOnlyForDeploymentPostprocessing = 0;
		};
/* End PBXSourcesBuildPhase section */

/* Begin PBXVariantGroup section */
		6C53EBAD20000A10001CBD66 /* LaunchScreen.storyboard */ = {
			isa = PBXVariantGroup;
			children = (
				6C53EBAE20000A10001CBD66 /* Base */,
			);
			name = LaunchScreen.storyboard;
			sourceTree = "<group>";
		};
/* End PBXVariantGroup section */

/* Begin XCBuildConfiguration section */
		6C53EBB120000A10001CBD66 /* Debug */ = {
			isa = XCBuildConfiguration;
			buildSettings = {
				ALWAYS_SEARCH_USER_PATHS = NO;
				CLANG_ANALYZER_NONNULL = YES;
				CLANG_ANALYZER_NUMBER_OBJECT_CONVERSION = YES_AGGRESSIVE;
				CLANG_CXX_LANGUAGE_STANDARD = "gnu++14";
				CLANG_CXX_LIBRARY = "libc++";
				CLANG_ENABLE_MODULES = YES;
				CLANG_ENABLE_OBJC_ARC = YES;
				CLANG_WARN_BLOCK_CAPTURE_AUTORELEASING = YES;
				CLANG_WARN_BOOL_CONVERSION = YES;
				CLANG_WARN_COMMA = YES;
				CLANG_WARN_CONSTANT_CONVERSION = YES;
				CLANG_WARN_DIRECT_OBJC_ISA_USAGE = YES_ERROR;
				CLANG_WARN_DOCUMENTATION_COMMENTS = YES;
				CLANG_WARN_EMPTY_BODY = YES;
				CLANG_WARN_ENUM_CONVERSION = YES;
				CLANG_WARN_INFINITE_RECURSION = YES;
				CLANG_WARN_INT_CONVERSION = YES;
				CLANG_WARN_NON_LITERAL_NULL_CONVERSION = YES;
				CLANG_WARN_OBJC_LITERAL_CONVERSION = YES;
				CLANG_WARN_OBJC_ROOT_CLASS = YES_ERROR;
				CLANG_WARN_RANGE_LOOP_ANALYSIS = YES;
				CLANG_WARN_STRICT_PROTOTYPES = YES;
				CLANG_WARN_SUSPICIOUS_MOVE = YES;
				CLANG_WARN_UNGUARDED_AVAILABILITY = YES_AGGRESSIVE;
				CLANG_WARN_UNREACHABLE_CODE = YES;
				CLANG_WARN__DUPLICATE_METHOD_MATCH = YES;
				CODE_SIGN_IDENTITY = "iPhone Developer";
				COPY_PHASE_STRIP = NO;
				DEBUG_INFORMATION_FORMAT = dwarf;
				ENABLE_STRICT_OBJC_MSGSEND = YES;
				ENABLE_TESTABILITY = YES;
				GCC_C_LANGUAGE_STANDARD = gnu11;
				GCC_DYNAMIC_NO_PIC = NO;
				GCC_NO_COMMON_BLOCKS = YES;
				GCC_OPTIMIZATION_LEVEL = 0;
				GCC_PREPROCESSOR_DEFINITIONS = (
					"DEBUG=1",
					"$(inherited)",
				);
				GCC_WARN_64_TO_32_BIT_CONVERSION = YES;
				GCC_WARN_ABOUT_RETURN_TYPE = YES_ERROR;
				GCC_WARN_UNDECLARED_SELECTOR = YES;
				GCC_WARN_UNINITIALIZED_AUTOS = YES_AGGRESSIVE;
				GCC_WARN_UNUSED_FUNCTION = YES;
				GCC_WARN_UNUSED_VARIABLE = YES;
				IPHONEOS_DEPLOYMENT_TARGET = 11.2;
				MTL_ENABLE_DEBUG_INFO = YES;
				ONLY_ACTIVE_ARCH = YES;
				SDKROOT = iphoneos;
				SWIFT_ACTIVE_COMPILATION_CONDITIONS = DEBUG;
				SWIFT_OPTIMIZATION_LEVEL = "-Onone";
			};
			name = Debug;
		};
		6C53EBB220000A10001CBD66 /* Release */ = {
			isa = XCBuildConfiguration;
			buildSettings = {
				ALWAYS_SEARCH_USER_PATHS = NO;
				CLANG_ANALYZER_NONNULL = YES;
				CLANG_ANALYZER_NUMBER_OBJECT_CONVERSION = YES_AGGRESSIVE;
				CLANG_CXX_LANGUAGE_STANDARD = "gnu++14";
				CLANG_CXX_LIBRARY = "libc++";
				CLANG_ENABLE_MODULES = YES;
				CLANG_ENABLE_OBJC_ARC = YES;
				CLANG_WARN_BLOCK_CAPTURE_AUTORELEASING = YES;
				CLANG_WARN_BOOL_CONVERSION = YES;
				CLANG_WARN_COMMA = YES;
				CLANG_WARN_CONSTANT_CONVERSION = YES;
				CLANG_WARN_DIRECT_OBJC_ISA_USAGE = YES_ERROR;
				CLANG_WARN_DOCUMENTATION_COMMENTS = YES;
				CLANG_WARN_EMPTY_BODY = YES;
				CLANG_WARN_ENUM_CONVERSION = YES;
				CLANG_WARN_INFINITE_RECURSION = YES;
				CLANG_WARN_INT_CONVERSION = YES;
				CLANG_WARN_NON_LITERAL_NULL_CONVERSION = YES;
				CLANG_WARN_OBJC_LITERAL_CONVERSION = YES;
				CLANG_WARN_OBJC_ROOT_CLASS = YES_ERROR;
				CLANG_WARN_RANGE_LOOP_ANALYSIS = YES;
				CLANG_WARN_STRICT_PROTOTYPES = YES;
				CLANG_WARN_SUSPICIOUS_MOVE = YES;
				CLANG_WARN_UNGUARDED_AVAILABILITY = YES_AGGRESSIVE;
				CLANG_WARN_UNREACHABLE_CODE = YES;
				CLANG_WARN__DUPLICATE_METHOD_MATCH = YES;
				CODE_SIGN_IDENTITY = "iPhone Developer";
				COPY_PHASE_STRIP = NO;
				DEBUG_INFORMATION_FORMAT = "dwarf-with-dsym";
				ENABLE_NS_ASSERTIONS = NO;
				ENABLE_STRICT_OBJC_MSGSEND = YES;
				GCC_C_LANGUAGE_STANDARD = gnu11;
				GCC_NO_COMMON_BLOCKS = YES;
				GCC_WARN_64_TO_32_BIT_CONVERSION = YES;
				GCC_WARN_ABOUT_RETURN_TYPE = YES_ERROR;
				GCC_WARN_UNDECLARED_SELECTOR = YES;
				GCC_WARN_UNINITIALIZED_AUTOS = YES_AGGRESSIVE;
				GCC_WARN_UNUSED_FUNCTION = YES;
				GCC_WARN_UNUSED_VARIABLE = YES;
				IPHONEOS_DEPLOYMENT_TARGET = 11.2;
				MTL_ENABLE_DEBUG_INFO = NO;
				SDKROOT = iphoneos;
				SWIFT_OPTIMIZATION_LEVEL = "-Owholemodule";
				VALIDATE_PRODUCT = YES;
			};
			name = Release;
		};
		6C53EBB420000A10001CBD66 /* Debug */ = {
			isa = XCBuildConfiguration;
			buildSettings = {
				ASSETCATALOG_COMPILER_APPICON_NAME = AppIcon;
				CODE_SIGN_STYLE = Automatic;
				INFOPLIST_FILE = MapOverlaysExample/Info.plist;
				IPHONEOS_DEPLOYMENT_TARGET = 10.3;
				LD_RUNPATH_SEARCH_PATHS = "$(inherited) @executable_path/Frameworks";
				PRODUCT_BUNDLE_IDENTIFIER = orma.MapOverlaysExample;
				PRODUCT_NAME = "$(TARGET_NAME)";
				SWIFT_VERSION = 3.0;
				TARGETED_DEVICE_FAMILY = "1,2";
			};
			name = Debug;
		};
		6C53EBB520000A10001CBD66 /* Release */ = {
			isa = XCBuildConfiguration;
			buildSettings = {
				ASSETCATALOG_COMPILER_APPICON_NAME = AppIcon;
				CODE_SIGN_STYLE = Automatic;
				INFOPLIST_FILE = MapOverlaysExample/Info.plist;
				IPHONEOS_DEPLOYMENT_TARGET = 10.3;
				LD_RUNPATH_SEARCH_PATHS = "$(inherited) @executable_path/Frameworks";
				PRODUCT_BUNDLE_IDENTIFIER = orma.MapOverlaysExample;
				PRODUCT_NAME = "$(TARGET_NAME)";
				SWIFT_VERSION = 3.0;
				TARGETED_DEVICE_FAMILY = "1,2";
			};
			name = Release;
		};
/* End XCBuildConfiguration section */

/* Begin XCConfigurationList section */
		6C53EB9C20000A10001CBD66 /* Build configuration list for PBXProject "MapOverlaysExample" */ = {
			isa = XCConfigurationList;
			buildConfigurations = (
				6C53EBB120000A10001CBD66 /* Debug */,
				6C53EBB220000A10001CBD66 /* Release */,
			);
			defaultConfigurationIsVisible = 0;
			defaultConfigurationName = Release;
		};
		6C53EBB320000A10001CBD66 /* Build configuration list for PBXNativeTarget "MapOverlaysExample" */ = {
			isa = XCConfigurationList;
			buildConfigurations = (
				6C53EBB420000A10001CBD66 /* Debug */,
				6C53EBB520000A10001CBD66 /* Release */,
			);
			defaultConfigurationIsVisible = 0;
			defaultConfigurationName = Release;
		};
/* End XCConfigurationList section */
	};
	rootObject = 6C53EB9920000A10001CBD66 /* Project object */;
}
